github.com/ALTree/bigfloat v0.0.0-20220102081255-38c8b72a9924 h1:DG4UyTVIujioxwJc8Zj8Nabz1L1wTgQ/xNBSQDfdP3I=
github.com/ALTree/bigfloat v0.0.0-20220102081255-38c8b72a9924/go.mod h1:+NaH2gLeY6RPBPPQf4aRotPPStg+eXc8f9ZaE4vRfD4=
github.com/Rusih100/polynomial v0.0.0-20230117130318-59776fb6fce7 h1:Fanxy80syfV/Z8c1gGCbvqOPTqezqQl56CMGx2qVS6A=
github.com/Rusih100/polynomial v0.0.0-20230117130318-59776fb6fce7/go.mod h1:loMK841A4IpEqvjioDZ+lk2GvKOT/1hokgPDGGJ7Q08=
